
Microsoft Visual Studio Solution File, Format Version 12.00
# Visual Studio Version 17
VisualStudioVersion = 17.9.34616.47
MinimumVisualStudioVersion = 10.0.40219.1
Project("{9A19103F-16F7-4668-BE54-9A1E7A4F7556}") = "modul8_1302220129", "modul8_1302220129\modul8_1302220129.csproj", "{3E509864-49CF-45F8-B6A7-AE70ADA66565}"
EndProject
Project("{2150E333-8FDC-42A3-9474-1A3956D46DE8}") = "Solution Items", "Solution Items", "{1304FF62-0C6C-4ACA-95DC-C9C940BEC4FA}"
	ProjectSection(SolutionItems) = preProject
		bank_transfer_config.json = bank_transfer_config.json
	EndProjectSection
EndProject
Global
	GlobalSection(SolutionConfigurationPlatforms) = preSolution
		Debug|Any CPU = Debug|Any CPU
		Release|Any CPU = Release|Any CPU
	EndGlobalSection
	GlobalSection(ProjectConfigurationPlatforms) = postSolution
		{3E509864-49CF-45F8-B6A7-AE70ADA66565}.Debug|Any CPU.ActiveCfg = Debug|Any CPU
		{3E509864-49CF-45F8-B6A7-AE70ADA66565}.Debug|Any CPU.Build.0 = Debug|Any CPU
		{3E509864-49CF-45F8-B6A7-AE70ADA66565}.Release|Any CPU.ActiveCfg = Release|Any CPU
		{3E509864-49CF-45F8-B6A7-AE70ADA66565}.Release|Any CPU.Build.0 = Release|Any CPU
	EndGlobalSection
	GlobalSection(SolutionProperties) = preSolution
		HideSolutionNode = FALSE
	EndGlobalSection
	GlobalSection(ExtensibilityGlobals) = postSolution
		SolutionGuid = {C26E2A7E-92E0-48B6-B2CE-ED208DD57381}
	EndGlobalSection
EndGlobal
